
Microsoft Visual Studio Solution File, Format Version 12.00
Project("{FAE04EC0-301F-11D3-BF4B-00C04F79EFBC}") = "GreenMoonSoftware.EventSourcing.Core", "GreenMoonSoftware.EventSourcing.Core\GreenMoonSoftware.EventSourcing.Core.csproj", "{828789EC-4326-4F02-A548-966DBCB455D6}"
EndProject
Project("{FAE04EC0-301F-11D3-BF4B-00C04F79EFBC}") = "ManualTester", "ManualTester\ManualTester.csproj", "{26BFC076-99E2-4764-A27E-2819DD5790E8}"
EndProject
Project("{FAE04EC0-301F-11D3-BF4B-00C04F79EFBC}") = "GreenMoonSoftware.EventSourcing.CoreTest", "GreenMoonSoftware.EventSourcing.CoreTest\GreenMoonSoftware.EventSourcing.CoreTest.csproj", "{40ADF061-D031-4B53-A559-1F9F4448D70B}"
EndProject
Project("{FAE04EC0-301F-11D3-BF4B-00C04F79EFBC}") = "GreenMoonSoftware.EventSourcing.Database.SqlLite", "GreenMoonSoftware.EventSourcing.Database.SqlLite\GreenMoonSoftware.EventSourcing.Database.SqlLite.csproj", "{74296EBF-6CB7-4696-8616-FEB9F82A3A18}"
EndProject
Project("{FAE04EC0-301F-11D3-BF4B-00C04F79EFBC}") = "GreenMoonSoftware.EventSourcing.Database.SqlLiteTest", "GreenMoonSoftware.EventSourcing.Database.SqlLiteTest\GreenMoonSoftware.EventSourcing.Database.SqlLiteTest.csproj", "{BF5722E6-01E2-4245-9570-B8C6DE75F55F}"
EndProject
Project("{FAE04EC0-301F-11D3-BF4B-00C04F79EFBC}") = "GreenMoonSoftware.EventSourcing.Database", "GreenMoonSoftware.EventSourcing.Database\GreenMoonSoftware.EventSourcing.Database.csproj", "{DA660670-2438-40D3-B2CC-E07658DD0F7A}"
EndProject
Project("{FAE04EC0-301F-11D3-BF4B-00C04F79EFBC}") = "GreenMoonSoftware.EventSourcing.Json", "GreenMoonSoftware.EventSourcing.Json\GreenMoonSoftware.EventSourcing.Json.csproj", "{8B0A00D9-3168-4A14-988C-F859D367B700}"
EndProject
Project("{FAE04EC0-301F-11D3-BF4B-00C04F79EFBC}") = "GreenMoonSoftware.EventSourcing.JsonTest", "GreenMoonSoftware.EventSourcing.JsonTest\GreenMoonSoftware.EventSourcing.JsonTest.csproj", "{BE7BE99D-6412-478B-8D70-F80748170F10}"
EndProject
Global
	GlobalSection(SolutionConfigurationPlatforms) = preSolution
		Debug|Any CPU = Debug|Any CPU
		Release|Any CPU = Release|Any CPU
	EndGlobalSection
	GlobalSection(ProjectConfigurationPlatforms) = postSolution
		{828789EC-4326-4F02-A548-966DBCB455D6}.Debug|Any CPU.ActiveCfg = Debug|Any CPU
		{828789EC-4326-4F02-A548-966DBCB455D6}.Debug|Any CPU.Build.0 = Debug|Any CPU
		{828789EC-4326-4F02-A548-966DBCB455D6}.Release|Any CPU.ActiveCfg = Release|Any CPU
		{828789EC-4326-4F02-A548-966DBCB455D6}.Release|Any CPU.Build.0 = Release|Any CPU
		{26BFC076-99E2-4764-A27E-2819DD5790E8}.Debug|Any CPU.ActiveCfg = Debug|Any CPU
		{26BFC076-99E2-4764-A27E-2819DD5790E8}.Debug|Any CPU.Build.0 = Debug|Any CPU
		{26BFC076-99E2-4764-A27E-2819DD5790E8}.Release|Any CPU.ActiveCfg = Release|Any CPU
		{26BFC076-99E2-4764-A27E-2819DD5790E8}.Release|Any CPU.Build.0 = Release|Any CPU
		{40ADF061-D031-4B53-A559-1F9F4448D70B}.Debug|Any CPU.ActiveCfg = Debug|Any CPU
		{40ADF061-D031-4B53-A559-1F9F4448D70B}.Debug|Any CPU.Build.0 = Debug|Any CPU
		{40ADF061-D031-4B53-A559-1F9F4448D70B}.Release|Any CPU.ActiveCfg = Release|Any CPU
		{40ADF061-D031-4B53-A559-1F9F4448D70B}.Release|Any CPU.Build.0 = Release|Any CPU
		{74296EBF-6CB7-4696-8616-FEB9F82A3A18}.Debug|Any CPU.ActiveCfg = Debug|Any CPU
		{74296EBF-6CB7-4696-8616-FEB9F82A3A18}.Debug|Any CPU.Build.0 = Debug|Any CPU
		{74296EBF-6CB7-4696-8616-FEB9F82A3A18}.Release|Any CPU.ActiveCfg = Release|Any CPU
		{74296EBF-6CB7-4696-8616-FEB9F82A3A18}.Release|Any CPU.Build.0 = Release|Any CPU
		{BF5722E6-01E2-4245-9570-B8C6DE75F55F}.Debug|Any CPU.ActiveCfg = Debug|Any CPU
		{BF5722E6-01E2-4245-9570-B8C6DE75F55F}.Debug|Any CPU.Build.0 = Debug|Any CPU
		{BF5722E6-01E2-4245-9570-B8C6DE75F55F}.Release|Any CPU.ActiveCfg = Release|Any CPU
		{BF5722E6-01E2-4245-9570-B8C6DE75F55F}.Release|Any CPU.Build.0 = Release|Any CPU
		{DA660670-2438-40D3-B2CC-E07658DD0F7A}.Debug|Any CPU.ActiveCfg = Debug|Any CPU
		{DA660670-2438-40D3-B2CC-E07658DD0F7A}.Debug|Any CPU.Build.0 = Debug|Any CPU
		{DA660670-2438-40D3-B2CC-E07658DD0F7A}.Release|Any CPU.ActiveCfg = Release|Any CPU
		{DA660670-2438-40D3-B2CC-E07658DD0F7A}.Release|Any CPU.Build.0 = Release|Any CPU
		{8B0A00D9-3168-4A14-988C-F859D367B700}.Debug|Any CPU.ActiveCfg = Debug|Any CPU
		{8B0A00D9-3168-4A14-988C-F859D367B700}.Debug|Any CPU.Build.0 = Debug|Any CPU
		{8B0A00D9-3168-4A14-988C-F859D367B700}.Release|Any CPU.ActiveCfg = Release|Any CPU
		{8B0A00D9-3168-4A14-988C-F859D367B700}.Release|Any CPU.Build.0 = Release|Any CPU
		{BE7BE99D-6412-478B-8D70-F80748170F10}.Debug|Any CPU.ActiveCfg = Debug|Any CPU
		{BE7BE99D-6412-478B-8D70-F80748170F10}.Debug|Any CPU.Build.0 = Debug|Any CPU
		{BE7BE99D-6412-478B-8D70-F80748170F10}.Release|Any CPU.ActiveCfg = Release|Any CPU
		{BE7BE99D-6412-478B-8D70-F80748170F10}.Release|Any CPU.Build.0 = Release|Any CPU
	EndGlobalSection
EndGlobal
